
Microsoft Visual Studio Solution File, Format Version 12.00
# Visual Studio Version 16
VisualStudioVersion = 16.0.30804.86
MinimumVisualStudioVersion = 10.0.40219.1
Project("{FAE04EC0-301F-11D3-BF4B-00C04F79EFBC}") = "Creativerse-Gloves", "Creativerse-Gloves.csproj", "{D4297898-FD8E-4D2F-9596-9F977A676242}"
EndProject
Global
	GlobalSection(SolutionConfigurationPlatforms) = preSolution
		Release|Any CPU = Release|Any CPU
	EndGlobalSection
	GlobalSection(ProjectConfigurationPlatforms) = postSolution
		{D4297898-FD8E-4D2F-9596-9F977A676242}.Release|Any CPU.ActiveCfg = Release|Any CPU
		{D4297898-FD8E-4D2F-9596-9F977A676242}.Release|Any CPU.Build.0 = Release|Any CPU
	EndGlobalSection
	GlobalSection(SolutionProperties) = preSolution
		HideSolutionNode = FALSE
	EndGlobalSection
	GlobalSection(ExtensibilityGlobals) = postSolution
		SolutionGuid = {26451335-D48A-4CFB-BD38-C350174199BE}
	EndGlobalSection
EndGlobal
